// !$*UTF8*$!
{
	archiveVersion = 1;
	classes = {
	};
	objectVersion = 46;
	objects = {

/* Begin PBXBuildFile section */
		270AA2C81F51673E00487085 /* AppDelegate.swift in Sources */ = {isa = PBXBuildFile; fileRef = 270AA2C71F51673E00487085 /* AppDelegate.swift */; };
		270AA2CA1F51673E00487085 /* ViewController.swift in Sources */ = {isa = PBXBuildFile; fileRef = 270AA2C91F51673E00487085 /* ViewController.swift */; };
		270AA2CD1F51673E00487085 /* Main.storyboard in Resources */ = {isa = PBXBuildFile; fileRef = 270AA2CB1F51673E00487085 /* Main.storyboard */; };
		270AA2CF1F51673E00487085 /* Assets.xcassets in Resources */ = {isa = PBXBuildFile; fileRef = 270AA2CE1F51673E00487085 /* Assets.xcassets */; };
		270AA2D21F51673E00487085 /* LaunchScreen.storyboard in Resources */ = {isa = PBXBuildFile; fileRef = 270AA2D01F51673E00487085 /* LaunchScreen.storyboard */; };
		270AA2DA1F516D1600487085 /* PixelView.swift in Sources */ = {isa = PBXBuildFile; fileRef = 270AA2D91F516D1600487085 /* PixelView.swift */; };
		270AA2E01F5187C000487085 /* gomoku.cpp in Sources */ = {isa = PBXBuildFile; fileRef = 270AA2DE1F5187C000487085 /* gomoku.cpp */; };
		270AA2EA1F5187D000487085 /* logarithm.cpp in Sources */ = {isa = PBXBuildFile; fileRef = 270AA2E61F5187D000487085 /* logarithm.cpp */; };
		270AA2EB1F5187D000487085 /* mct.cpp in Sources */ = {isa = PBXBuildFile; fileRef = 270AA2E81F5187D000487085 /* mct.cpp */; };
		270AA2F31F5188EA00487085 /* EngineWrapper.mm in Sources */ = {isa = PBXBuildFile; fileRef = 270AA2F11F5188EA00487085 /* EngineWrapper.mm */; };
/* End PBXBuildFile section */

/* Begin PBXFileReference section */
		270AA2C41F51673E00487085 /* Gomoku.app */ = {isa = PBXFileReference; explicitFileType = wrapper.application; includeInIndex = 0; path = Gomoku.app; sourceTree = BUILT_PRODUCTS_DIR; };
		270AA2C71F51673E00487085 /* AppDelegate.swift */ = {isa = PBXFileReference; lastKnownFileType = sourcecode.swift; path = AppDelegate.swift; sourceTree = "<group>"; };
		270AA2C91F51673E00487085 /* ViewController.swift */ = {isa = PBXFileReference; lastKnownFileType = sourcecode.swift; path = ViewController.swift; sourceTree = "<group>"; };
		270AA2CC1F51673E00487085 /* Base */ = {isa = PBXFileReference; lastKnownFileType = file.storyboard; name = Base; path = Base.lproj/Main.storyboard; sourceTree = "<group>"; };
		270AA2CE1F51673E00487085 /* Assets.xcassets */ = {isa = PBXFileReference; lastKnownFileType = folder.assetcatalog; path = Assets.xcassets; sourceTree = "<group>"; };
		270AA2D11F51673E00487085 /* Base */ = {isa = PBXFileReference; lastKnownFileType = file.storyboard; name = Base; path = Base.lproj/LaunchScreen.storyboard; sourceTree = "<group>"; };
		270AA2D31F51673E00487085 /* Info.plist */ = {isa = PBXFileReference; lastKnownFileType = text.plist.xml; path = Info.plist; sourceTree = "<group>"; };
		270AA2D91F516D1600487085 /* PixelView.swift */ = {isa = PBXFileReference; fileEncoding = 4; lastKnownFileType = sourcecode.swift; path = PixelView.swift; sourceTree = "<group>"; };
		270AA2DE1F5187C000487085 /* gomoku.cpp */ = {isa = PBXFileReference; fileEncoding = 4; lastKnownFileType = sourcecode.cpp.cpp; path = gomoku.cpp; sourceTree = "<group>"; };
		270AA2DF1F5187C000487085 /* gomoku.h */ = {isa = PBXFileReference; fileEncoding = 4; lastKnownFileType = sourcecode.c.h; path = gomoku.h; sourceTree = "<group>"; };
		270AA2E31F5187CA00487085 /* clock.h */ = {isa = PBXFileReference; fileEncoding = 4; lastKnownFileType = sourcecode.c.h; path = clock.h; sourceTree = "<group>"; };
		270AA2E61F5187D000487085 /* logarithm.cpp */ = {isa = PBXFileReference; fileEncoding = 4; lastKnownFileType = sourcecode.cpp.cpp; path = logarithm.cpp; sourceTree = "<group>"; };
		270AA2E71F5187D000487085 /* logarithm.h */ = {isa = PBXFileReference; fileEncoding = 4; lastKnownFileType = sourcecode.c.h; path = logarithm.h; sourceTree = "<group>"; };
		270AA2E81F5187D000487085 /* mct.cpp */ = {isa = PBXFileReference; fileEncoding = 4; lastKnownFileType = sourcecode.cpp.cpp; path = mct.cpp; sourceTree = "<group>"; };
		270AA2E91F5187D000487085 /* mct.h */ = {isa = PBXFileReference; fileEncoding = 4; lastKnownFileType = sourcecode.c.h; path = mct.h; sourceTree = "<group>"; };
		270AA2F11F5188EA00487085 /* EngineWrapper.mm */ = {isa = PBXFileReference; fileEncoding = 4; lastKnownFileType = sourcecode.cpp.objcpp; path = EngineWrapper.mm; sourceTree = "<group>"; };
		270AA2F21F5188EA00487085 /* EngineWrapper.h */ = {isa = PBXFileReference; fileEncoding = 4; lastKnownFileType = sourcecode.c.h; path = EngineWrapper.h; sourceTree = "<group>"; };
/* End PBXFileReference section */

/* Begin PBXFrameworksBuildPhase section */
		270AA2C11F51673E00487085 /* Frameworks */ = {
			isa = PBXFrameworksBuildPhase;
			buildActionMask = 2147483647;
			files = (
			);
			runOnlyForDeploymentPostprocessing = 0;
		};
/* End PBXFrameworksBuildPhase section */

/* Begin PBXGroup section */
		270AA2BB1F51673E00487085 = {
			isa = PBXGroup;
			children = (
				270AA2C61F51673E00487085 /* Gomoku */,
				270AA2C51F51673E00487085 /* Products */,
			);
			sourceTree = "<group>";
		};
		270AA2C51F51673E00487085 /* Products */ = {
			isa = PBXGroup;
			children = (
				270AA2C41F51673E00487085 /* Gomoku.app */,
			);
			name = Products;
			sourceTree = "<group>";
		};
		270AA2C61F51673E00487085 /* Gomoku */ = {
			isa = PBXGroup;
			children = (
				270AA2F11F5188EA00487085 /* EngineWrapper.mm */,
				270AA2F21F5188EA00487085 /* EngineWrapper.h */,
				270AA2DB1F51877000487085 /* Engine */,
				270AA2DC1F51878200487085 /* Supporting Files */,
				270AA2C91F51673E00487085 /* ViewController.swift */,
				270AA2CB1F51673E00487085 /* Main.storyboard */,
				270AA2D01F51673E00487085 /* LaunchScreen.storyboard */,
				270AA2D91F516D1600487085 /* PixelView.swift */,
			);
			path = Gomoku;
			sourceTree = "<group>";
		};
		270AA2DB1F51877000487085 /* Engine */ = {
			isa = PBXGroup;
			children = (
				270AA2E51F5187D000487085 /* AI */,
				270AA2E11F5187CA00487085 /* Clock */,
				270AA2DD1F5187C000487085 /* Game */,
			);
			name = Engine;
			path = ..;
			sourceTree = "<group>";
		};
		270AA2DC1F51878200487085 /* Supporting Files */ = {
			isa = PBXGroup;
			children = (
				270AA2C71F51673E00487085 /* AppDelegate.swift */,
				270AA2CE1F51673E00487085 /* Assets.xcassets */,
				270AA2D31F51673E00487085 /* Info.plist */,
			);
			name = "Supporting Files";
			sourceTree = "<group>";
		};
		270AA2DD1F5187C000487085 /* Game */ = {
			isa = PBXGroup;
			children = (
				270AA2DE1F5187C000487085 /* gomoku.cpp */,
				270AA2DF1F5187C000487085 /* gomoku.h */,
			);
			path = Game;
			sourceTree = "<group>";
		};
		270AA2E11F5187CA00487085 /* Clock */ = {
			isa = PBXGroup;
			children = (
				270AA2E31F5187CA00487085 /* clock.h */,
			);
			path = Clock;
			sourceTree = "<group>";
		};
		270AA2E51F5187D000487085 /* AI */ = {
			isa = PBXGroup;
			children = (
				270AA2E61F5187D000487085 /* logarithm.cpp */,
				270AA2E71F5187D000487085 /* logarithm.h */,
				270AA2E81F5187D000487085 /* mct.cpp */,
				270AA2E91F5187D000487085 /* mct.h */,
			);
			path = AI;
			sourceTree = "<group>";
		};
/* End PBXGroup section */

/* Begin PBXNativeTarget section */
		270AA2C31F51673E00487085 /* Gomoku */ = {
			isa = PBXNativeTarget;
			buildConfigurationList = 270AA2D61F51673E00487085 /* Build configuration list for PBXNativeTarget "Gomoku" */;
			buildPhases = (
				270AA2C01F51673E00487085 /* Sources */,
				270AA2C11F51673E00487085 /* Frameworks */,
				270AA2C21F51673E00487085 /* Resources */,
			);
			buildRules = (
			);
			dependencies = (
			);
			name = Gomoku;
			productName = Gomoku;
			productReference = 270AA2C41F51673E00487085 /* Gomoku.app */;
			productType = "com.apple.product-type.application";
		};
/* End PBXNativeTarget section */

/* Begin PBXProject section */
		270AA2BC1F51673E00487085 /* Project object */ = {
			isa = PBXProject;
			attributes = {
				LastSwiftUpdateCheck = 0830;
				LastUpgradeCheck = 0830;
				ORGANIZATIONNAME = "Mike Smith";
				TargetAttributes = {
					270AA2C31F51673E00487085 = {
						CreatedOnToolsVersion = 8.3.3;
						DevelopmentTeam = WV8LDH4SLS;
						ProvisioningStyle = Automatic;
					};
				};
			};
			buildConfigurationList = 270AA2BF1F51673E00487085 /* Build configuration list for PBXProject "Gomoku" */;
			compatibilityVersion = "Xcode 3.2";
			developmentRegion = English;
			hasScannedForEncodings = 0;
			knownRegions = (
				en,
				Base,
			);
			mainGroup = 270AA2BB1F51673E00487085;
			productRefGroup = 270AA2C51F51673E00487085 /* Products */;
			projectDirPath = "";
			projectRoot = "";
			targets = (
				270AA2C31F51673E00487085 /* Gomoku */,
			);
		};
/* End PBXProject section */

/* Begin PBXResourcesBuildPhase section */
		270AA2C21F51673E00487085 /* Resources */ = {
			isa = PBXResourcesBuildPhase;
			buildActionMask = 2147483647;
			files = (
				270AA2D21F51673E00487085 /* LaunchScreen.storyboard in Resources */,
				270AA2CF1F51673E00487085 /* Assets.xcassets in Resources */,
				270AA2CD1F51673E00487085 /* Main.storyboard in Resources */,
			);
			runOnlyForDeploymentPostprocessing = 0;
		};
/* End PBXResourcesBuildPhase section */

/* Begin PBXSourcesBuildPhase section */
		270AA2C01F51673E00487085 /* Sources */ = {
			isa = PBXSourcesBuildPhase;
			buildActionMask = 2147483647;
			files = (
				270AA2CA1F51673E00487085 /* ViewController.swift in Sources */,
				270AA2F31F5188EA00487085 /* EngineWrapper.mm in Sources */,
				270AA2E01F5187C000487085 /* gomoku.cpp in Sources */,
				270AA2DA1F516D1600487085 /* PixelView.swift in Sources */,
				270AA2EB1F5187D000487085 /* mct.cpp in Sources */,
				270AA2C81F51673E00487085 /* AppDelegate.swift in Sources */,
				270AA2EA1F5187D000487085 /* logarithm.cpp in Sources */,
			);
			runOnlyForDeploymentPostprocessing = 0;
		};
/* End PBXSourcesBuildPhase section */

/* Begin PBXVariantGroup section */
		270AA2CB1F51673E00487085 /* Main.storyboard */ = {
			isa = PBXVariantGroup;
			children = (
				270AA2CC1F51673E00487085 /* Base */,
			);
			name = Main.storyboard;
			sourceTree = "<group>";
		};
		270AA2D01F51673E00487085 /* LaunchScreen.storyboard */ = {
			isa = PBXVariantGroup;
			children = (
				270AA2D11F51673E00487085 /* Base */,
			);
			name = LaunchScreen.storyboard;
			sourceTree = "<group>";
		};
/* End PBXVariantGroup section */

/* Begin XCBuildConfiguration section */
		270AA2D41F51673E00487085 /* Debug */ = {
			isa = XCBuildConfiguration;
			buildSettings = {
				ALWAYS_SEARCH_USER_PATHS = NO;
				CLANG_ANALYZER_NONNULL = YES;
				CLANG_ANALYZER_NUMBER_OBJECT_CONVERSION = YES_AGGRESSIVE;
				CLANG_CXX_LANGUAGE_STANDARD = "gnu++0x";
				CLANG_CXX_LIBRARY = "libc++";
				CLANG_ENABLE_MODULES = YES;
				CLANG_ENABLE_OBJC_ARC = YES;
				CLANG_WARN_BOOL_CONVERSION = YES;
				CLANG_WARN_CONSTANT_CONVERSION = YES;
				CLANG_WARN_DIRECT_OBJC_ISA_USAGE = YES_ERROR;
				CLANG_WARN_DOCUMENTATION_COMMENTS = YES;
				CLANG_WARN_EMPTY_BODY = YES;
				CLANG_WARN_ENUM_CONVERSION = YES;
				CLANG_WARN_INFINITE_RECURSION = YES;
				CLANG_WARN_INT_CONVERSION = YES;
				CLANG_WARN_OBJC_ROOT_CLASS = YES_ERROR;
				CLANG_WARN_SUSPICIOUS_MOVE = YES;
				CLANG_WARN_UNREACHABLE_CODE = YES;
				CLANG_WARN__DUPLICATE_METHOD_MATCH = YES;
				"CODE_SIGN_IDENTITY[sdk=iphoneos*]" = "iPhone Developer";
				COPY_PHASE_STRIP = NO;
				DEBUG_INFORMATION_FORMAT = dwarf;
				ENABLE_STRICT_OBJC_MSGSEND = YES;
				ENABLE_TESTABILITY = YES;
				GCC_C_LANGUAGE_STANDARD = gnu99;
				GCC_DYNAMIC_NO_PIC = NO;
				GCC_NO_COMMON_BLOCKS = YES;
				GCC_OPTIMIZATION_LEVEL = 0;
				GCC_PREPROCESSOR_DEFINITIONS = (
					"DEBUG=1",
					"$(inherited)",
				);
				GCC_WARN_64_TO_32_BIT_CONVERSION = YES;
				GCC_WARN_ABOUT_RETURN_TYPE = YES_ERROR;
				GCC_WARN_UNDECLARED_SELECTOR = YES;
				GCC_WARN_UNINITIALIZED_AUTOS = YES_AGGRESSIVE;
				GCC_WARN_UNUSED_FUNCTION = YES;
				GCC_WARN_UNUSED_VARIABLE = YES;
				IPHONEOS_DEPLOYMENT_TARGET = 10.3;
				MTL_ENABLE_DEBUG_INFO = YES;
				ONLY_ACTIVE_ARCH = YES;
				SDKROOT = iphoneos;
				SWIFT_ACTIVE_COMPILATION_CONDITIONS = DEBUG;
				SWIFT_OPTIMIZATION_LEVEL = "-Onone";
				TARGETED_DEVICE_FAMILY = "1,2";
			};
			name = Debug;
		};
		270AA2D51F51673E00487085 /* Release */ = {
			isa = XCBuildConfiguration;
			buildSettings = {
				ALWAYS_SEARCH_USER_PATHS = NO;
				CLANG_ANALYZER_NONNULL = YES;
				CLANG_ANALYZER_NUMBER_OBJECT_CONVERSION = YES_AGGRESSIVE;
				CLANG_CXX_LANGUAGE_STANDARD = "gnu++0x";
				CLANG_CXX_LIBRARY = "libc++";
				CLANG_ENABLE_MODULES = YES;
				CLANG_ENABLE_OBJC_ARC = YES;
				CLANG_WARN_BOOL_CONVERSION = YES;
				CLANG_WARN_CONSTANT_CONVERSION = YES;
				CLANG_WARN_DIRECT_OBJC_ISA_USAGE = YES_ERROR;
				CLANG_WARN_DOCUMENTATION_COMMENTS = YES;
				CLANG_WARN_EMPTY_BODY = YES;
				CLANG_WARN_ENUM_CONVERSION = YES;
				CLANG_WARN_INFINITE_RECURSION = YES;
				CLANG_WARN_INT_CONVERSION = YES;
				CLANG_WARN_OBJC_ROOT_CLASS = YES_ERROR;
				CLANG_WARN_SUSPICIOUS_MOVE = YES;
				CLANG_WARN_UNREACHABLE_CODE = YES;
				CLANG_WARN__DUPLICATE_METHOD_MATCH = YES;
				"CODE_SIGN_IDENTITY[sdk=iphoneos*]" = "iPhone Developer";
				COPY_PHASE_STRIP = NO;
				DEBUG_INFORMATION_FORMAT = "dwarf-with-dsym";
				ENABLE_NS_ASSERTIONS = NO;
				ENABLE_STRICT_OBJC_MSGSEND = YES;
				GCC_C_LANGUAGE_STANDARD = gnu99;
				GCC_NO_COMMON_BLOCKS = YES;
				GCC_WARN_64_TO_32_BIT_CONVERSION = YES;
				GCC_WARN_ABOUT_RETURN_TYPE = YES_ERROR;
				GCC_WARN_UNDECLARED_SELECTOR = YES;
				GCC_WARN_UNINITIALIZED_AUTOS = YES_AGGRESSIVE;
				GCC_WARN_UNUSED_FUNCTION = YES;
				GCC_WARN_UNUSED_VARIABLE = YES;
				IPHONEOS_DEPLOYMENT_TARGET = 10.3;
				MTL_ENABLE_DEBUG_INFO = NO;
				SDKROOT = iphoneos;
				SWIFT_OPTIMIZATION_LEVEL = "-Owholemodule";
				TARGETED_DEVICE_FAMILY = "1,2";
				VALIDATE_PRODUCT = YES;
			};
			name = Release;
		};
		270AA2D71F51673E00487085 /* Debug */ = {
			isa = XCBuildConfiguration;
			buildSettings = {
				ASSETCATALOG_COMPILER_APPICON_NAME = AppIcon;
				ASSETCATALOG_COMPILER_OPTIMIZATION = time;
				DEVELOPMENT_TEAM = WV8LDH4SLS;
				INFOPLIST_FILE = Gomoku/Info.plist;
				LD_RUNPATH_SEARCH_PATHS = "$(inherited) @executable_path/Frameworks";
				PRODUCT_BUNDLE_IDENTIFIER = water.inc.Gomoku;
				PRODUCT_NAME = "$(TARGET_NAME)";
				SWIFT_OBJC_BRIDGING_HEADER = Gomoku/EngineWrapper.h;
				SWIFT_VERSION = 3.0;
				TARGETED_DEVICE_FAMILY = "1,2";
			};
			name = Debug;
		};
		270AA2D81F51673E00487085 /* Release */ = {
			isa = XCBuildConfiguration;
			buildSettings = {
				ASSETCATALOG_COMPILER_APPICON_NAME = AppIcon;
				ASSETCATALOG_COMPILER_OPTIMIZATION = time;
				DEVELOPMENT_TEAM = WV8LDH4SLS;
				GCC_OPTIMIZATION_LEVEL = fast;
				INFOPLIST_FILE = Gomoku/Info.plist;
				LD_RUNPATH_SEARCH_PATHS = "$(inherited) @executable_path/Frameworks";
				PRODUCT_BUNDLE_IDENTIFIER = water.inc.Gomoku;
				PRODUCT_NAME = "$(TARGET_NAME)";
				SWIFT_OBJC_BRIDGING_HEADER = Gomoku/EngineWrapper.h;
				SWIFT_VERSION = 3.0;
				TARGETED_DEVICE_FAMILY = "1,2";
			};
			name = Release;
		};
/* End XCBuildConfiguration section */

/* Begin XCConfigurationList section */
		270AA2BF1F51673E00487085 /* Build configuration list for PBXProject "Gomoku" */ = {
			isa = XCConfigurationList;
			buildConfigurations = (
				270AA2D41F51673E00487085 /* Debug */,
				270AA2D51F51673E00487085 /* Release */,
			);
			defaultConfigurationIsVisible = 0;
			defaultConfigurationName = Release;
		};
		270AA2D61F51673E00487085 /* Build configuration list for PBXNativeTarget "Gomoku" */ = {
			isa = XCConfigurationList;
			buildConfigurations = (
				270AA2D71F51673E00487085 /* Debug */,
				270AA2D81F51673E00487085 /* Release */,
			);
			defaultConfigurationIsVisible = 0;
			defaultConfigurationName = Release;
		};
/* End XCConfigurationList section */
	};
	rootObject = 270AA2BC1F51673E00487085 /* Project object */;
}
